// !$*UTF8*$!
{
	archiveVersion = 1;
	classes = {
	};
	objectVersion = 56;
	objects = {

/* Begin PBXBuildFile section */
		7D0CE6C62BC3C31200FC95A4 /* AppDelegate.swift in Sources */ = {isa = PBXBuildFile; fileRef = 7D0CE6C52BC3C31200FC95A4 /* AppDelegate.swift */; };
		7D0CE6C82BC3C31200FC95A4 /* SceneDelegate.swift in Sources */ = {isa = PBXBuildFile; fileRef = 7D0CE6C72BC3C31200FC95A4 /* SceneDelegate.swift */; };
		7D0CE6CD2BC3C31200FC95A4 /* Base in Resources */ = {isa = PBXBuildFile; fileRef = 7D0CE6CC2BC3C31200FC95A4 /* Base */; };
		7D0CE6CF2BC3C31500FC95A4 /* Assets.xcassets in Resources */ = {isa = PBXBuildFile; fileRef = 7D0CE6CE2BC3C31500FC95A4 /* Assets.xcassets */; };
		7D0CE6D22BC3C31500FC95A4 /* Base in Resources */ = {isa = PBXBuildFile; fileRef = 7D0CE6D12BC3C31500FC95A4 /* Base */; };
		7D0CE6DD2BC3C31500FC95A4 /* SOLIDPrinciplesTests.swift in Sources */ = {isa = PBXBuildFile; fileRef = 7D0CE6DC2BC3C31500FC95A4 /* SOLIDPrinciplesTests.swift */; };
		7D0CE6E72BC3C31500FC95A4 /* SOLIDPrinciplesUITests.swift in Sources */ = {isa = PBXBuildFile; fileRef = 7D0CE6E62BC3C31500FC95A4 /* SOLIDPrinciplesUITests.swift */; };
		7D0CE6E92BC3C31500FC95A4 /* SOLIDPrinciplesUITestsLaunchTests.swift in Sources */ = {isa = PBXBuildFile; fileRef = 7D0CE6E82BC3C31500FC95A4 /* SOLIDPrinciplesUITestsLaunchTests.swift */; };
		7D0CE6F62BC3C34400FC95A4 /* SingleResponsibity.swift in Sources */ = {isa = PBXBuildFile; fileRef = 7D0CE6F52BC3C34400FC95A4 /* SingleResponsibity.swift */; };
		7D0CE6F82BC3C73000FC95A4 /* OpenClosePrinciples.swift in Sources */ = {isa = PBXBuildFile; fileRef = 7D0CE6F72BC3C73000FC95A4 /* OpenClosePrinciples.swift */; };
		7D0CE6FA2BC3CAEF00FC95A4 /* LiskovSubstitution.swift in Sources */ = {isa = PBXBuildFile; fileRef = 7D0CE6F92BC3CAEF00FC95A4 /* LiskovSubstitution.swift */; };
		7D0CE6FC2BC3CD0700FC95A4 /* InterfaceSegregation.swift in Sources */ = {isa = PBXBuildFile; fileRef = 7D0CE6FB2BC3CD0700FC95A4 /* InterfaceSegregation.swift */; };
		7D0CE6FE2BC3CF6800FC95A4 /* DependencyInversion.swift in Sources */ = {isa = PBXBuildFile; fileRef = 7D0CE6FD2BC3CF6800FC95A4 /* DependencyInversion.swift */; };
/* End PBXBuildFile section */

/* Begin PBXContainerItemProxy section */
		7D0CE6D92BC3C31500FC95A4 /* PBXContainerItemProxy */ = {
			isa = PBXContainerItemProxy;
			containerPortal = 7D0CE6BA2BC3C31200FC95A4 /* Project object */;
			proxyType = 1;
			remoteGlobalIDString = 7D0CE6C12BC3C31200FC95A4;
			remoteInfo = SOLIDPrinciples;
		};
		7D0CE6E32BC3C31500FC95A4 /* PBXContainerItemProxy */ = {
			isa = PBXContainerItemProxy;
			containerPortal = 7D0CE6BA2BC3C31200FC95A4 /* Project object */;
			proxyType = 1;
			remoteGlobalIDString = 7D0CE6C12BC3C31200FC95A4;
			remoteInfo = SOLIDPrinciples;
		};
/* End PBXContainerItemProxy section */

/* Begin PBXFileReference section */
		7D0CE6C22BC3C31200FC95A4 /* SOLIDPrinciples.app */ = {isa = PBXFileReference; explicitFileType = wrapper.application; includeInIndex = 0; path = SOLIDPrinciples.app; sourceTree = BUILT_PRODUCTS_DIR; };
		7D0CE6C52BC3C31200FC95A4 /* AppDelegate.swift */ = {isa = PBXFileReference; lastKnownFileType = sourcecode.swift; path = AppDelegate.swift; sourceTree = "<group>"; };
		7D0CE6C72BC3C31200FC95A4 /* SceneDelegate.swift */ = {isa = PBXFileReference; lastKnownFileType = sourcecode.swift; path = SceneDelegate.swift; sourceTree = "<group>"; };
		7D0CE6CC2BC3C31200FC95A4 /* Base */ = {isa = PBXFileReference; lastKnownFileType = file.storyboard; name = Base; path = Base.lproj/Main.storyboard; sourceTree = "<group>"; };
		7D0CE6CE2BC3C31500FC95A4 /* Assets.xcassets */ = {isa = PBXFileReference; lastKnownFileType = folder.assetcatalog; path = Assets.xcassets; sourceTree = "<group>"; };
		7D0CE6D12BC3C31500FC95A4 /* Base */ = {isa = PBXFileReference; lastKnownFileType = file.storyboard; name = Base; path = Base.lproj/LaunchScreen.storyboard; sourceTree = "<group>"; };
		7D0CE6D32BC3C31500FC95A4 /* Info.plist */ = {isa = PBXFileReference; lastKnownFileType = text.plist.xml; path = Info.plist; sourceTree = "<group>"; };
		7D0CE6D82BC3C31500FC95A4 /* SOLIDPrinciplesTests.xctest */ = {isa = PBXFileReference; explicitFileType = wrapper.cfbundle; includeInIndex = 0; path = SOLIDPrinciplesTests.xctest; sourceTree = BUILT_PRODUCTS_DIR; };
		7D0CE6DC2BC3C31500FC95A4 /* SOLIDPrinciplesTests.swift */ = {isa = PBXFileReference; lastKnownFileType = sourcecode.swift; path = SOLIDPrinciplesTests.swift; sourceTree = "<group>"; };
		7D0CE6E22BC3C31500FC95A4 /* SOLIDPrinciplesUITests.xctest */ = {isa = PBXFileReference; explicitFileType = wrapper.cfbundle; includeInIndex = 0; path = SOLIDPrinciplesUITests.xctest; sourceTree = BUILT_PRODUCTS_DIR; };
		7D0CE6E62BC3C31500FC95A4 /* SOLIDPrinciplesUITests.swift */ = {isa = PBXFileReference; lastKnownFileType = sourcecode.swift; path = SOLIDPrinciplesUITests.swift; sourceTree = "<group>"; };
		7D0CE6E82BC3C31500FC95A4 /* SOLIDPrinciplesUITestsLaunchTests.swift */ = {isa = PBXFileReference; lastKnownFileType = sourcecode.swift; path = SOLIDPrinciplesUITestsLaunchTests.swift; sourceTree = "<group>"; };
		7D0CE6F52BC3C34400FC95A4 /* SingleResponsibity.swift */ = {isa = PBXFileReference; lastKnownFileType = sourcecode.swift; path = SingleResponsibity.swift; sourceTree = "<group>"; };
		7D0CE6F72BC3C73000FC95A4 /* OpenClosePrinciples.swift */ = {isa = PBXFileReference; lastKnownFileType = sourcecode.swift; path = OpenClosePrinciples.swift; sourceTree = "<group>"; };
		7D0CE6F92BC3CAEF00FC95A4 /* LiskovSubstitution.swift */ = {isa = PBXFileReference; lastKnownFileType = sourcecode.swift; path = LiskovSubstitution.swift; sourceTree = "<group>"; };
		7D0CE6FB2BC3CD0700FC95A4 /* InterfaceSegregation.swift */ = {isa = PBXFileReference; lastKnownFileType = sourcecode.swift; path = InterfaceSegregation.swift; sourceTree = "<group>"; };
		7D0CE6FD2BC3CF6800FC95A4 /* DependencyInversion.swift */ = {isa = PBXFileReference; lastKnownFileType = sourcecode.swift; path = DependencyInversion.swift; sourceTree = "<group>"; };
/* End PBXFileReference section */

/* Begin PBXFrameworksBuildPhase section */
		7D0CE6BF2BC3C31200FC95A4 /* Frameworks */ = {
			isa = PBXFrameworksBuildPhase;
			buildActionMask = 2147483647;
			files = (
			);
			runOnlyForDeploymentPostprocessing = 0;
		};
		7D0CE6D52BC3C31500FC95A4 /* Frameworks */ = {
			isa = PBXFrameworksBuildPhase;
			buildActionMask = 2147483647;
			files = (
			);
			runOnlyForDeploymentPostprocessing = 0;
		};
		7D0CE6DF2BC3C31500FC95A4 /* Frameworks */ = {
			isa = PBXFrameworksBuildPhase;
			buildActionMask = 2147483647;
			files = (
			);
			runOnlyForDeploymentPostprocessing = 0;
		};
/* End PBXFrameworksBuildPhase section */

/* Begin PBXGroup section */
		7D0CE6B92BC3C31200FC95A4 = {
			isa = PBXGroup;
			children = (
				7D0CE6C42BC3C31200FC95A4 /* SOLIDPrinciples */,
				7D0CE6DB2BC3C31500FC95A4 /* SOLIDPrinciplesTests */,
				7D0CE6E52BC3C31500FC95A4 /* SOLIDPrinciplesUITests */,
				7D0CE6C32BC3C31200FC95A4 /* Products */,
			);
			sourceTree = "<group>";
		};
		7D0CE6C32BC3C31200FC95A4 /* Products */ = {
			isa = PBXGroup;
			children = (
				7D0CE6C22BC3C31200FC95A4 /* SOLIDPrinciples.app */,
				7D0CE6D82BC3C31500FC95A4 /* SOLIDPrinciplesTests.xctest */,
				7D0CE6E22BC3C31500FC95A4 /* SOLIDPrinciplesUITests.xctest */,
			);
			name = Products;
			sourceTree = "<group>";
		};
		7D0CE6C42BC3C31200FC95A4 /* SOLIDPrinciples */ = {
			isa = PBXGroup;
			children = (
				7D0CE6C52BC3C31200FC95A4 /* AppDelegate.swift */,
				7D0CE6C72BC3C31200FC95A4 /* SceneDelegate.swift */,
				7D0CE6F52BC3C34400FC95A4 /* SingleResponsibity.swift */,
				7D0CE6F72BC3C73000FC95A4 /* OpenClosePrinciples.swift */,
				7D0CE6F92BC3CAEF00FC95A4 /* LiskovSubstitution.swift */,
				7D0CE6FB2BC3CD0700FC95A4 /* InterfaceSegregation.swift */,
				7D0CE6FD2BC3CF6800FC95A4 /* DependencyInversion.swift */,
				7D0CE6CB2BC3C31200FC95A4 /* Main.storyboard */,
				7D0CE6CE2BC3C31500FC95A4 /* Assets.xcassets */,
				7D0CE6D02BC3C31500FC95A4 /* LaunchScreen.storyboard */,
				7D0CE6D32BC3C31500FC95A4 /* Info.plist */,
			);
			path = SOLIDPrinciples;
			sourceTree = "<group>";
		};
		7D0CE6DB2BC3C31500FC95A4 /* SOLIDPrinciplesTests */ = {
			isa = PBXGroup;
			children = (
				7D0CE6DC2BC3C31500FC95A4 /* SOLIDPrinciplesTests.swift */,
			);
			path = SOLIDPrinciplesTests;
			sourceTree = "<group>";
		};
		7D0CE6E52BC3C31500FC95A4 /* SOLIDPrinciplesUITests */ = {
			isa = PBXGroup;
			children = (
				7D0CE6E62BC3C31500FC95A4 /* SOLIDPrinciplesUITests.swift */,
				7D0CE6E82BC3C31500FC95A4 /* SOLIDPrinciplesUITestsLaunchTests.swift */,
			);
			path = SOLIDPrinciplesUITests;
			sourceTree = "<group>";
		};
/* End PBXGroup section */

/* Begin PBXNativeTarget section */
		7D0CE6C12BC3C31200FC95A4 /* SOLIDPrinciples */ = {
			isa = PBXNativeTarget;
			buildConfigurationList = 7D0CE6EC2BC3C31500FC95A4 /* Build configuration list for PBXNativeTarget "SOLIDPrinciples" */;
			buildPhases = (
				7D0CE6BE2BC3C31200FC95A4 /* Sources */,
				7D0CE6BF2BC3C31200FC95A4 /* Frameworks */,
				7D0CE6C02BC3C31200FC95A4 /* Resources */,
			);
			buildRules = (
			);
			dependencies = (
			);
			name = SOLIDPrinciples;
			productName = SOLIDPrinciples;
			productReference = 7D0CE6C22BC3C31200FC95A4 /* SOLIDPrinciples.app */;
			productType = "com.apple.product-type.application";
		};
		7D0CE6D72BC3C31500FC95A4 /* SOLIDPrinciplesTests */ = {
			isa = PBXNativeTarget;
			buildConfigurationList = 7D0CE6EF2BC3C31500FC95A4 /* Build configuration list for PBXNativeTarget "SOLIDPrinciplesTests" */;
			buildPhases = (
				7D0CE6D42BC3C31500FC95A4 /* Sources */,
				7D0CE6D52BC3C31500FC95A4 /* Frameworks */,
				7D0CE6D62BC3C31500FC95A4 /* Resources */,
			);
			buildRules = (
			);
			dependencies = (
				7D0CE6DA2BC3C31500FC95A4 /* PBXTargetDependency */,
			);
			name = SOLIDPrinciplesTests;
			productName = SOLIDPrinciplesTests;
			productReference = 7D0CE6D82BC3C31500FC95A4 /* SOLIDPrinciplesTests.xctest */;
			productType = "com.apple.product-type.bundle.unit-test";
		};
		7D0CE6E12BC3C31500FC95A4 /* SOLIDPrinciplesUITests */ = {
			isa = PBXNativeTarget;
			buildConfigurationList = 7D0CE6F22BC3C31500FC95A4 /* Build configuration list for PBXNativeTarget "SOLIDPrinciplesUITests" */;
			buildPhases = (
				7D0CE6DE2BC3C31500FC95A4 /* Sources */,
				7D0CE6DF2BC3C31500FC95A4 /* Frameworks */,
				7D0CE6E02BC3C31500FC95A4 /* Resources */,
			);
			buildRules = (
			);
			dependencies = (
				7D0CE6E42BC3C31500FC95A4 /* PBXTargetDependency */,
			);
			name = SOLIDPrinciplesUITests;
			productName = SOLIDPrinciplesUITests;
			productReference = 7D0CE6E22BC3C31500FC95A4 /* SOLIDPrinciplesUITests.xctest */;
			productType = "com.apple.product-type.bundle.ui-testing";
		};
/* End PBXNativeTarget section */

/* Begin PBXProject section */
		7D0CE6BA2BC3C31200FC95A4 /* Project object */ = {
			isa = PBXProject;
			attributes = {
				BuildIndependentTargetsInParallel = 1;
				LastSwiftUpdateCheck = 1530;
				LastUpgradeCheck = 1530;
				TargetAttributes = {
					7D0CE6C12BC3C31200FC95A4 = {
						CreatedOnToolsVersion = 15.3;
					};
					7D0CE6D72BC3C31500FC95A4 = {
						CreatedOnToolsVersion = 15.3;
						TestTargetID = 7D0CE6C12BC3C31200FC95A4;
					};
					7D0CE6E12BC3C31500FC95A4 = {
						CreatedOnToolsVersion = 15.3;
						TestTargetID = 7D0CE6C12BC3C31200FC95A4;
					};
				};
			};
			buildConfigurationList = 7D0CE6BD2BC3C31200FC95A4 /* Build configuration list for PBXProject "SOLIDPrinciples" */;
			compatibilityVersion = "Xcode 14.0";
			developmentRegion = en;
			hasScannedForEncodings = 0;
			knownRegions = (
				en,
				Base,
			);
			mainGroup = 7D0CE6B92BC3C31200FC95A4;
			productRefGroup = 7D0CE6C32BC3C31200FC95A4 /* Products */;
			projectDirPath = "";
			projectRoot = "";
			targets = (
				7D0CE6C12BC3C31200FC95A4 /* SOLIDPrinciples */,
				7D0CE6D72BC3C31500FC95A4 /* SOLIDPrinciplesTests */,
				7D0CE6E12BC3C31500FC95A4 /* SOLIDPrinciplesUITests */,
			);
		};
/* End PBXProject section */

/* Begin PBXResourcesBuildPhase section */
		7D0CE6C02BC3C31200FC95A4 /* Resources */ = {
			isa = PBXResourcesBuildPhase;
			buildActionMask = 2147483647;
			files = (
				7D0CE6CF2BC3C31500FC95A4 /* Assets.xcassets in Resources */,
				7D0CE6D22BC3C31500FC95A4 /* Base in Resources */,
				7D0CE6CD2BC3C31200FC95A4 /* Base in Resources */,
			);
			runOnlyForDeploymentPostprocessing = 0;
		};
		7D0CE6D62BC3C31500FC95A4 /* Resources */ = {
			isa = PBXResourcesBuildPhase;
			buildActionMask = 2147483647;
			files = (
			);
			runOnlyForDeploymentPostprocessing = 0;
		};
		7D0CE6E02BC3C31500FC95A4 /* Resources */ = {
			isa = PBXResourcesBuildPhase;
			buildActionMask = 2147483647;
			files = (
			);
			runOnlyForDeploymentPostprocessing = 0;
		};
/* End PBXResourcesBuildPhase section */

/* Begin PBXSourcesBuildPhase section */
		7D0CE6BE2BC3C31200FC95A4 /* Sources */ = {
			isa = PBXSourcesBuildPhase;
			buildActionMask = 2147483647;
			files = (
				7D0CE6FE2BC3CF6800FC95A4 /* DependencyInversion.swift in Sources */,
				7D0CE6F62BC3C34400FC95A4 /* SingleResponsibity.swift in Sources */,
				7D0CE6C62BC3C31200FC95A4 /* AppDelegate.swift in Sources */,
				7D0CE6FC2BC3CD0700FC95A4 /* InterfaceSegregation.swift in Sources */,
				7D0CE6C82BC3C31200FC95A4 /* SceneDelegate.swift in Sources */,
				7D0CE6FA2BC3CAEF00FC95A4 /* LiskovSubstitution.swift in Sources */,
				7D0CE6F82BC3C73000FC95A4 /* OpenClosePrinciples.swift in Sources */,
			);
			runOnlyForDeploymentPostprocessing = 0;
		};
		7D0CE6D42BC3C31500FC95A4 /* Sources */ = {
			isa = PBXSourcesBuildPhase;
			buildActionMask = 2147483647;
			files = (
				7D0CE6DD2BC3C31500FC95A4 /* SOLIDPrinciplesTests.swift in Sources */,
			);
			runOnlyForDeploymentPostprocessing = 0;
		};
		7D0CE6DE2BC3C31500FC95A4 /* Sources */ = {
			isa = PBXSourcesBuildPhase;
			buildActionMask = 2147483647;
			files = (
				7D0CE6E72BC3C31500FC95A4 /* SOLIDPrinciplesUITests.swift in Sources */,
				7D0CE6E92BC3C31500FC95A4 /* SOLIDPrinciplesUITestsLaunchTests.swift in Sources */,
			);
			runOnlyForDeploymentPostprocessing = 0;
		};
/* End PBXSourcesBuildPhase section */

/* Begin PBXTargetDependency section */
		7D0CE6DA2BC3C31500FC95A4 /* PBXTargetDependency */ = {
			isa = PBXTargetDependency;
			target = 7D0CE6C12BC3C31200FC95A4 /* SOLIDPrinciples */;
			targetProxy = 7D0CE6D92BC3C31500FC95A4 /* PBXContainerItemProxy */;
		};
		7D0CE6E42BC3C31500FC95A4 /* PBXTargetDependency */ = {
			isa = PBXTargetDependency;
			target = 7D0CE6C12BC3C31200FC95A4 /* SOLIDPrinciples */;
			targetProxy = 7D0CE6E32BC3C31500FC95A4 /* PBXContainerItemProxy */;
		};
/* End PBXTargetDependency section */

/* Begin PBXVariantGroup section */
		7D0CE6CB2BC3C31200FC95A4 /* Main.storyboard */ = {
			isa = PBXVariantGroup;
			children = (
				7D0CE6CC2BC3C31200FC95A4 /* Base */,
			);
			name = Main.storyboard;
			sourceTree = "<group>";
		};
		7D0CE6D02BC3C31500FC95A4 /* LaunchScreen.storyboard */ = {
			isa = PBXVariantGroup;
			children = (
				7D0CE6D12BC3C31500FC95A4 /* Base */,
			);
			name = LaunchScreen.storyboard;
			sourceTree = "<group>";
		};
/* End PBXVariantGroup section */

/* Begin XCBuildConfiguration section */
		7D0CE6EA2BC3C31500FC95A4 /* Debug */ = {
			isa = XCBuildConfiguration;
			buildSettings = {
				ALWAYS_SEARCH_USER_PATHS = NO;
				ASSETCATALOG_COMPILER_GENERATE_SWIFT_ASSET_SYMBOL_EXTENSIONS = YES;
				CLANG_ANALYZER_NONNULL = YES;
				CLANG_ANALYZER_NUMBER_OBJECT_CONVERSION = YES_AGGRESSIVE;
				CLANG_CXX_LANGUAGE_STANDARD = "gnu++20";
				CLANG_ENABLE_MODULES = YES;
				CLANG_ENABLE_OBJC_ARC = YES;
				CLANG_ENABLE_OBJC_WEAK = YES;
				CLANG_WARN_BLOCK_CAPTURE_AUTORELEASING = YES;
				CLANG_WARN_BOOL_CONVERSION = YES;
				CLANG_WARN_COMMA = YES;
				CLANG_WARN_CONSTANT_CONVERSION = YES;
				CLANG_WARN_DEPRECATED_OBJC_IMPLEMENTATIONS = YES;
				CLANG_WARN_DIRECT_OBJC_ISA_USAGE = YES_ERROR;
				CLANG_WARN_DOCUMENTATION_COMMENTS = YES;
				CLANG_WARN_EMPTY_BODY = YES;
				CLANG_WARN_ENUM_CONVERSION = YES;
				CLANG_WARN_INFINITE_RECURSION = YES;
				CLANG_WARN_INT_CONVERSION = YES;
				CLANG_WARN_NON_LITERAL_NULL_CONVERSION = YES;
				CLANG_WARN_OBJC_IMPLICIT_RETAIN_SELF = YES;
				CLANG_WARN_OBJC_LITERAL_CONVERSION = YES;
				CLANG_WARN_OBJC_ROOT_CLASS = YES_ERROR;
				CLANG_WARN_QUOTED_INCLUDE_IN_FRAMEWORK_HEADER = YES;
				CLANG_WARN_RANGE_LOOP_ANALYSIS = YES;
				CLANG_WARN_STRICT_PROTOTYPES = YES;
				CLANG_WARN_SUSPICIOUS_MOVE = YES;
				CLANG_WARN_UNGUARDED_AVAILABILITY = YES_AGGRESSIVE;
				CLANG_WARN_UNREACHABLE_CODE = YES;
				CLANG_WARN__DUPLICATE_METHOD_MATCH = YES;
				COPY_PHASE_STRIP = NO;
				DEBUG_INFORMATION_FORMAT = dwarf;
				ENABLE_STRICT_OBJC_MSGSEND = YES;
				ENABLE_TESTABILITY = YES;
				ENABLE_USER_SCRIPT_SANDBOXING = YES;
				GCC_C_LANGUAGE_STANDARD = gnu17;
				GCC_DYNAMIC_NO_PIC = NO;
				GCC_NO_COMMON_BLOCKS = YES;
				GCC_OPTIMIZATION_LEVEL = 0;
				GCC_PREPROCESSOR_DEFINITIONS = (
					"DEBUG=1",
					"$(inherited)",
				);
				GCC_WARN_64_TO_32_BIT_CONVERSION = YES;
				GCC_WARN_ABOUT_RETURN_TYPE = YES_ERROR;
				GCC_WARN_UNDECLARED_SELECTOR = YES;
				GCC_WARN_UNINITIALIZED_AUTOS = YES_AGGRESSIVE;
				GCC_WARN_UNUSED_FUNCTION = YES;
				GCC_WARN_UNUSED_VARIABLE = YES;
				IPHONEOS_DEPLOYMENT_TARGET = 17.4;
				LOCALIZATION_PREFERS_STRING_CATALOGS = YES;
				MTL_ENABLE_DEBUG_INFO = INCLUDE_SOURCE;
				MTL_FAST_MATH = YES;
				ONLY_ACTIVE_ARCH = YES;
				SDKROOT = iphoneos;
				SWIFT_ACTIVE_COMPILATION_CONDITIONS = "DEBUG $(inherited)";
				SWIFT_OPTIMIZATION_LEVEL = "-Onone";
			};
			name = Debug;
		};
		7D0CE6EB2BC3C31500FC95A4 /* Release */ = {
			isa = XCBuildConfiguration;
			buildSettings = {
				ALWAYS_SEARCH_USER_PATHS = NO;
				ASSETCATALOG_COMPILER_GENERATE_SWIFT_ASSET_SYMBOL_EXTENSIONS = YES;
				CLANG_ANALYZER_NONNULL = YES;
				CLANG_ANALYZER_NUMBER_OBJECT_CONVERSION = YES_AGGRESSIVE;
				CLANG_CXX_LANGUAGE_STANDARD = "gnu++20";
				CLANG_ENABLE_MODULES = YES;
				CLANG_ENABLE_OBJC_ARC = YES;
				CLANG_ENABLE_OBJC_WEAK = YES;
				CLANG_WARN_BLOCK_CAPTURE_AUTORELEASING = YES;
				CLANG_WARN_BOOL_CONVERSION = YES;
				CLANG_WARN_COMMA = YES;
				CLANG_WARN_CONSTANT_CONVERSION = YES;
				CLANG_WARN_DEPRECATED_OBJC_IMPLEMENTATIONS = YES;
				CLANG_WARN_DIRECT_OBJC_ISA_USAGE = YES_ERROR;
				CLANG_WARN_DOCUMENTATION_COMMENTS = YES;
				CLANG_WARN_EMPTY_BODY = YES;
				CLANG_WARN_ENUM_CONVERSION = YES;
				CLANG_WARN_INFINITE_RECURSION = YES;
				CLANG_WARN_INT_CONVERSION = YES;
				CLANG_WARN_NON_LITERAL_NULL_CONVERSION = YES;
				CLANG_WARN_OBJC_IMPLICIT_RETAIN_SELF = YES;
				CLANG_WARN_OBJC_LITERAL_CONVERSION = YES;
				CLANG_WARN_OBJC_ROOT_CLASS = YES_ERROR;
				CLANG_WARN_QUOTED_INCLUDE_IN_FRAMEWORK_HEADER = YES;
				CLANG_WARN_RANGE_LOOP_ANALYSIS = YES;
				CLANG_WARN_STRICT_PROTOTYPES = YES;
				CLANG_WARN_SUSPICIOUS_MOVE = YES;
				CLANG_WARN_UNGUARDED_AVAILABILITY = YES_AGGRESSIVE;
				CLANG_WARN_UNREACHABLE_CODE = YES;
				CLANG_WARN__DUPLICATE_METHOD_MATCH = YES;
				COPY_PHASE_STRIP = NO;
				DEBUG_INFORMATION_FORMAT = "dwarf-with-dsym";
				ENABLE_NS_ASSERTIONS = NO;
				ENABLE_STRICT_OBJC_MSGSEND = YES;
				ENABLE_USER_SCRIPT_SANDBOXING = YES;
				GCC_C_LANGUAGE_STANDARD = gnu17;
				GCC_NO_COMMON_BLOCKS = YES;
				GCC_WARN_64_TO_32_BIT_CONVERSION = YES;
				GCC_WARN_ABOUT_RETURN_TYPE = YES_ERROR;
				GCC_WARN_UNDECLARED_SELECTOR = YES;
				GCC_WARN_UNINITIALIZED_AUTOS = YES_AGGRESSIVE;
				GCC_WARN_UNUSED_FUNCTION = YES;
				GCC_WARN_UNUSED_VARIABLE = YES;
				IPHONEOS_DEPLOYMENT_TARGET = 17.4;
				LOCALIZATION_PREFERS_STRING_CATALOGS = YES;
				MTL_ENABLE_DEBUG_INFO = NO;
				MTL_FAST_MATH = YES;
				SDKROOT = iphoneos;
				SWIFT_COMPILATION_MODE = wholemodule;
				VALIDATE_PRODUCT = YES;
			};
			name = Release;
		};
		7D0CE6ED2BC3C31500FC95A4 /* Debug */ = {
			isa = XCBuildConfiguration;
			buildSettings = {
				ASSETCATALOG_COMPILER_APPICON_NAME = AppIcon;
				ASSETCATALOG_COMPILER_GLOBAL_ACCENT_COLOR_NAME = AccentColor;
				CODE_SIGN_STYLE = Automatic;
				CURRENT_PROJECT_VERSION = 1;
				GENERATE_INFOPLIST_FILE = YES;
				INFOPLIST_FILE = SOLIDPrinciples/Info.plist;
				INFOPLIST_KEY_UIApplicationSupportsIndirectInputEvents = YES;
				INFOPLIST_KEY_UILaunchStoryboardName = LaunchScreen;
				INFOPLIST_KEY_UIMainStoryboardFile = Main;
				INFOPLIST_KEY_UISupportedInterfaceOrientations_iPad = "UIInterfaceOrientationPortrait UIInterfaceOrientationPortraitUpsideDown UIInterfaceOrientationLandscapeLeft UIInterfaceOrientationLandscapeRight";
				INFOPLIST_KEY_UISupportedInterfaceOrientations_iPhone = "UIInterfaceOrientationPortrait UIInterfaceOrientationLandscapeLeft UIInterfaceOrientationLandscapeRight";
				LD_RUNPATH_SEARCH_PATHS = (
					"$(inherited)",
					"@executable_path/Frameworks",
				);
				MARKETING_VERSION = 1.0;
				PRODUCT_BUNDLE_IDENTIFIER = com.SwiftUIAppSample.SOLIDPrinciples;
				PRODUCT_NAME = "$(TARGET_NAME)";
				SWIFT_EMIT_LOC_STRINGS = YES;
				SWIFT_VERSION = 5.0;
				TARGETED_DEVICE_FAMILY = "1,2";
			};
			name = Debug;
		};
		7D0CE6EE2BC3C31500FC95A4 /* Release */ = {
			isa = XCBuildConfiguration;
			buildSettings = {
				ASSETCATALOG_COMPILER_APPICON_NAME = AppIcon;
				ASSETCATALOG_COMPILER_GLOBAL_ACCENT_COLOR_NAME = AccentColor;
				CODE_SIGN_STYLE = Automatic;
				CURRENT_PROJECT_VERSION = 1;
				GENERATE_INFOPLIST_FILE = YES;
				INFOPLIST_FILE = SOLIDPrinciples/Info.plist;
				INFOPLIST_KEY_UIApplicationSupportsIndirectInputEvents = YES;
				INFOPLIST_KEY_UILaunchStoryboardName = LaunchScreen;
				INFOPLIST_KEY_UIMainStoryboardFile = Main;
				INFOPLIST_KEY_UISupportedInterfaceOrientations_iPad = "UIInterfaceOrientationPortrait UIInterfaceOrientationPortraitUpsideDown UIInterfaceOrientationLandscapeLeft UIInterfaceOrientationLandscapeRight";
				INFOPLIST_KEY_UISupportedInterfaceOrientations_iPhone = "UIInterfaceOrientationPortrait UIInterfaceOrientationLandscapeLeft UIInterfaceOrientationLandscapeRight";
				LD_RUNPATH_SEARCH_PATHS = (
					"$(inherited)",
					"@executable_path/Frameworks",
				);
				MARKETING_VERSION = 1.0;
				PRODUCT_BUNDLE_IDENTIFIER = com.SwiftUIAppSample.SOLIDPrinciples;
				PRODUCT_NAME = "$(TARGET_NAME)";
				SWIFT_EMIT_LOC_STRINGS = YES;
				SWIFT_VERSION = 5.0;
				TARGETED_DEVICE_FAMILY = "1,2";
			};
			name = Release;
		};
		7D0CE6F02BC3C31500FC95A4 /* Debug */ = {
			isa = XCBuildConfiguration;
			buildSettings = {
				ALWAYS_EMBED_SWIFT_STANDARD_LIBRARIES = YES;
				BUNDLE_LOADER = "$(TEST_HOST)";
				CODE_SIGN_STYLE = Automatic;
				CURRENT_PROJECT_VERSION = 1;
				GENERATE_INFOPLIST_FILE = YES;
				IPHONEOS_DEPLOYMENT_TARGET = 17.4;
				MARKETING_VERSION = 1.0;
				PRODUCT_BUNDLE_IDENTIFIER = com.SwiftUIAppSample.SOLIDPrinciplesTests;
				PRODUCT_NAME = "$(TARGET_NAME)";
				SWIFT_EMIT_LOC_STRINGS = NO;
				SWIFT_VERSION = 5.0;
				TARGETED_DEVICE_FAMILY = "1,2";
				TEST_HOST = "$(BUILT_PRODUCTS_DIR)/SOLIDPrinciples.app/$(BUNDLE_EXECUTABLE_FOLDER_PATH)/SOLIDPrinciples";
			};
			name = Debug;
		};
		7D0CE6F12BC3C31500FC95A4 /* Release */ = {
			isa = XCBuildConfiguration;
			buildSettings = {
				ALWAYS_EMBED_SWIFT_STANDARD_LIBRARIES = YES;
				BUNDLE_LOADER = "$(TEST_HOST)";
				CODE_SIGN_STYLE = Automatic;
				CURRENT_PROJECT_VERSION = 1;
				GENERATE_INFOPLIST_FILE = YES;
				IPHONEOS_DEPLOYMENT_TARGET = 17.4;
				MARKETING_VERSION = 1.0;
				PRODUCT_BUNDLE_IDENTIFIER = com.SwiftUIAppSample.SOLIDPrinciplesTests;
				PRODUCT_NAME = "$(TARGET_NAME)";
				SWIFT_EMIT_LOC_STRINGS = NO;
				SWIFT_VERSION = 5.0;
				TARGETED_DEVICE_FAMILY = "1,2";
				TEST_HOST = "$(BUILT_PRODUCTS_DIR)/SOLIDPrinciples.app/$(BUNDLE_EXECUTABLE_FOLDER_PATH)/SOLIDPrinciples";
			};
			name = Release;
		};
		7D0CE6F32BC3C31500FC95A4 /* Debug */ = {
			isa = XCBuildConfiguration;
			buildSettings = {
				ALWAYS_EMBED_SWIFT_STANDARD_LIBRARIES = YES;
				CODE_SIGN_STYLE = Automatic;
				CURRENT_PROJECT_VERSION = 1;
				GENERATE_INFOPLIST_FILE = YES;
				MARKETING_VERSION = 1.0;
				PRODUCT_BUNDLE_IDENTIFIER = com.SwiftUIAppSample.SOLIDPrinciplesUITests;
				PRODUCT_NAME = "$(TARGET_NAME)";
				SWIFT_EMIT_LOC_STRINGS = NO;
				SWIFT_VERSION = 5.0;
				TARGETED_DEVICE_FAMILY = "1,2";
				TEST_TARGET_NAME = SOLIDPrinciples;
			};
			name = Debug;
		};
		7D0CE6F42BC3C31500FC95A4 /* Release */ = {
			isa = XCBuildConfiguration;
			buildSettings = {
				ALWAYS_EMBED_SWIFT_STANDARD_LIBRARIES = YES;
				CODE_SIGN_STYLE = Automatic;
				CURRENT_PROJECT_VERSION = 1;
				GENERATE_INFOPLIST_FILE = YES;
				MARKETING_VERSION = 1.0;
				PRODUCT_BUNDLE_IDENTIFIER = com.SwiftUIAppSample.SOLIDPrinciplesUITests;
				PRODUCT_NAME = "$(TARGET_NAME)";
				SWIFT_EMIT_LOC_STRINGS = NO;
				SWIFT_VERSION = 5.0;
				TARGETED_DEVICE_FAMILY = "1,2";
				TEST_TARGET_NAME = SOLIDPrinciples;
			};
			name = Release;
		};
/* End XCBuildConfiguration section */

/* Begin XCConfigurationList section */
		7D0CE6BD2BC3C31200FC95A4 /* Build configuration list for PBXProject "SOLIDPrinciples" */ = {
			isa = XCConfigurationList;
			buildConfigurations = (
				7D0CE6EA2BC3C31500FC95A4 /* Debug */,
				7D0CE6EB2BC3C31500FC95A4 /* Release */,
			);
			defaultConfigurationIsVisible = 0;
			defaultConfigurationName = Release;
		};
		7D0CE6EC2BC3C31500FC95A4 /* Build configuration list for PBXNativeTarget "SOLIDPrinciples" */ = {
			isa = XCConfigurationList;
			buildConfigurations = (
				7D0CE6ED2BC3C31500FC95A4 /* Debug */,
				7D0CE6EE2BC3C31500FC95A4 /* Release */,
			);
			defaultConfigurationIsVisible = 0;
			defaultConfigurationName = Release;
		};
		7D0CE6EF2BC3C31500FC95A4 /* Build configuration list for PBXNativeTarget "SOLIDPrinciplesTests" */ = {
			isa = XCConfigurationList;
			buildConfigurations = (
				7D0CE6F02BC3C31500FC95A4 /* Debug */,
				7D0CE6F12BC3C31500FC95A4 /* Release */,
			);
			defaultConfigurationIsVisible = 0;
			defaultConfigurationName = Release;
		};
		7D0CE6F22BC3C31500FC95A4 /* Build configuration list for PBXNativeTarget "SOLIDPrinciplesUITests" */ = {
			isa = XCConfigurationList;
			buildConfigurations = (
				7D0CE6F32BC3C31500FC95A4 /* Debug */,
				7D0CE6F42BC3C31500FC95A4 /* Release */,
			);
			defaultConfigurationIsVisible = 0;
			defaultConfigurationName = Release;
		};
/* End XCConfigurationList section */
	};
	rootObject = 7D0CE6BA2BC3C31200FC95A4 /* Project object */;
}
